{
  "name": "node-nfe",
  "version": "1.0.0",
  "lockfileVersion": 1,
  "requires": true,
  "dependencies": {
    "brasil": {
      "version": "0.0.50",
      "resolved": "https://registry.npmjs.org/brasil/-/brasil-0.0.50.tgz",
      "integrity": "sha1-8PU9j25erR5yiZ2bcTyNv7Z51/s=",
      "requires": {
        "gammautils": "0.0.67",
        "pdfkit": "0.7.2"
      }
    },
    "gammautils": {
      "version": "0.0.67",
      "resolved": "https://registry.npmjs.org/gammautils/-/gammautils-0.0.67.tgz",
      "integrity": "sha1-ODJE3HVqDwjKYUbSw8OW04EmYLY="
    },
    "inscricaoestadual": {
      "version": "0.0.5",
      "resolved": "https://registry.npmjs.org/inscricaoestadual/-/inscricaoestadual-0.0.5.tgz",
      "integrity": "sha1-Til1ncf4/s0Zu2cxTi8FZ3EtMco="
    },
    "linebreak": {
      "version": "0.1.2",
      "resolved": "https://registry.npmjs.org/linebreak/-/linebreak-0.1.2.tgz",
      "integrity": "sha1-Z+8ttKRpiQLofrqaDuT4SQqnF+Y=",
      "requires": {
        "unicode-trie": "0.1.2"
      }
    },
    "long": {
      "version": "2.4.0",
      "resolved": "https://registry.npmjs.org/long/-/long-2.4.0.tgz",
      "integrity": "sha1-n6GAux2VAM3CnEFWdmoZleH0Uk8="
    },
    "node-firebird": {
      "version": "0.8.6",
      "resolved": "https://registry.npmjs.org/node-firebird/-/node-firebird-0.8.6.tgz",
      "integrity": "sha1-pvCJoDUpJSnj4VLTageLrKsOAV4=",
      "requires": {
        "long": "2.4.0"
      }
    },
    "pdfkit": {
      "version": "0.7.2",
      "resolved": "https://registry.npmjs.org/pdfkit/-/pdfkit-0.7.2.tgz",
      "integrity": "sha1-puZ1EuVvbeK917YziPRhtHuqjJc=",
      "requires": {
        "linebreak": "0.1.2",
        "png-js": "0.1.1"
      }
    },
    "png-js": {
      "version": "0.1.1",
      "resolved": "https://registry.npmjs.org/png-js/-/png-js-0.1.1.tgz",
      "integrity": "sha1-HMfCEjA6yr50Jj7DrHgAlYAkLZM="
    },
    "unicode-trie": {
      "version": "0.1.2",
      "resolved": "https://registry.npmjs.org/unicode-trie/-/unicode-trie-0.1.2.tgz",
      "integrity": "sha1-vTxSi8M2DK/fcfCGPL7Cn8DoTsg="
    }
  }
}
